
Microsoft Visual Studio Solution File, Format Version 12.00
# Visual Studio Version 17
VisualStudioVersion = 17.14.37012.4 d17.14
MinimumVisualStudioVersion = 10.0.40219.1
Project("{FAE04EC0-301F-11D3-BF4B-00C04F79EFBC}") = "MachSoft.Components", "MachSoft.Components\MachSoft.Components.csproj", "{32B836BC-56A6-4570-ABD9-4055CFCB1F57}"
EndProject
Global
	GlobalSection(SolutionConfigurationPlatforms) = preSolution
		Debug|Any CPU = Debug|Any CPU
		Release|Any CPU = Release|Any CPU
	EndGlobalSection
	GlobalSection(ProjectConfigurationPlatforms) = postSolution
		{32B836BC-56A6-4570-ABD9-4055CFCB1F57}.Debug|Any CPU.ActiveCfg = Debug|Any CPU
		{32B836BC-56A6-4570-ABD9-4055CFCB1F57}.Debug|Any CPU.Build.0 = Debug|Any CPU
		{32B836BC-56A6-4570-ABD9-4055CFCB1F57}.Release|Any CPU.ActiveCfg = Release|Any CPU
		{32B836BC-56A6-4570-ABD9-4055CFCB1F57}.Release|Any CPU.Build.0 = Release|Any CPU
	EndGlobalSection
	GlobalSection(SolutionProperties) = preSolution
		HideSolutionNode = FALSE
	EndGlobalSection
	GlobalSection(ExtensibilityGlobals) = postSolution
		SolutionGuid = {0FA4CA95-7CD1-4648-A3C0-189CFF6D5976}
	EndGlobalSection
EndGlobal
